
Microsoft Visual Studio Solution File, Format Version 12.00
# Visual Studio Version 17
VisualStudioVersion = 17.11.35208.52
MinimumVisualStudioVersion = 10.0.40219.1
Project("{8BC9CEB8-8B4A-11D0-8D11-00A0C91BC942}") = "lightininscene_exercise", "lightininscene_exercise\lightininscene_exercise.vcxproj", "{21FA5747-6FC6-45B1-94B3-0232DDF1E668}"
EndProject
Global
	GlobalSection(SolutionConfigurationPlatforms) = preSolution
		Debug|x64 = Debug|x64
		Debug|x86 = Debug|x86
		Release|x64 = Release|x64
		Release|x86 = Release|x86
	EndGlobalSection
	GlobalSection(ProjectConfigurationPlatforms) = postSolution
		{21FA5747-6FC6-45B1-94B3-0232DDF1E668}.Debug|x64.ActiveCfg = Debug|x64
		{21FA5747-6FC6-45B1-94B3-0232DDF1E668}.Debug|x64.Build.0 = Debug|x64
		{21FA5747-6FC6-45B1-94B3-0232DDF1E668}.Debug|x86.ActiveCfg = Debug|Win32
		{21FA5747-6FC6-45B1-94B3-0232DDF1E668}.Debug|x86.Build.0 = Debug|Win32
		{21FA5747-6FC6-45B1-94B3-0232DDF1E668}.Release|x64.ActiveCfg = Release|x64
		{21FA5747-6FC6-45B1-94B3-0232DDF1E668}.Release|x64.Build.0 = Release|x64
		{21FA5747-6FC6-45B1-94B3-0232DDF1E668}.Release|x86.ActiveCfg = Release|Win32
		{21FA5747-6FC6-45B1-94B3-0232DDF1E668}.Release|x86.Build.0 = Release|Win32
	EndGlobalSection
	GlobalSection(SolutionProperties) = preSolution
		HideSolutionNode = FALSE
	EndGlobalSection
	GlobalSection(ExtensibilityGlobals) = postSolution
		SolutionGuid = {6120789B-29F4-42E7-80BB-C033A4A5D1E4}
	EndGlobalSection
EndGlobal
